# THIS IS AN AUTOGENERATED FILE. DO NOT EDIT THIS FILE DIRECTLY.
# yarn lockfile v1


js-base64@^3.6.1:
  version "3.6.1"
  resolved "https://registry.nlark.com/js-base64/download/js-base64-3.6.1.tgz?cache=0&other_urls=https%3A%2F%2Fregistry.nlark.com%2Fjs-base64%2Fdownload%2Fjs-base64-3.6.1.tgz#555aae398b74694b4037af1f8a5a6209d170efbe"
  integrity sha1-VVquOYt0aUtAN68filpiCdFw774=
